
Microsoft Visual Studio Solution File, Format Version 12.00
# Visual Studio 15
VisualStudioVersion = 15.0.27004.2002
MinimumVisualStudioVersion = 10.0.40219.1
Project("{FAE04EC0-301F-11D3-BF4B-00C04F79EFBC}") = "TestExample", "TestExample\TestExample.csproj", "{8AA74B62-976E-4AF0-A3F2-422CA4FCD825}"
EndProject
Project("{FAE04EC0-301F-11D3-BF4B-00C04F79EFBC}") = "EF", "EF\EF.csproj", "{455F208C-82EC-492E-907F-4E6CF6E03DA7}"
EndProject
Global
	GlobalSection(SolutionConfigurationPlatforms) = preSolution
		Debug|Any CPU = Debug|Any CPU
		Release|Any CPU = Release|Any CPU
	EndGlobalSection
	GlobalSection(ProjectConfigurationPlatforms) = postSolution
		{8AA74B62-976E-4AF0-A3F2-422CA4FCD825}.Debug|Any CPU.ActiveCfg = Debug|Any CPU
		{8AA74B62-976E-4AF0-A3F2-422CA4FCD825}.Debug|Any CPU.Build.0 = Debug|Any CPU
		{8AA74B62-976E-4AF0-A3F2-422CA4FCD825}.Release|Any CPU.ActiveCfg = Release|Any CPU
		{8AA74B62-976E-4AF0-A3F2-422CA4FCD825}.Release|Any CPU.Build.0 = Release|Any CPU
		{455F208C-82EC-492E-907F-4E6CF6E03DA7}.Debug|Any CPU.ActiveCfg = Debug|Any CPU
		{455F208C-82EC-492E-907F-4E6CF6E03DA7}.Debug|Any CPU.Build.0 = Debug|Any CPU
		{455F208C-82EC-492E-907F-4E6CF6E03DA7}.Release|Any CPU.ActiveCfg = Release|Any CPU
		{455F208C-82EC-492E-907F-4E6CF6E03DA7}.Release|Any CPU.Build.0 = Release|Any CPU
	EndGlobalSection
	GlobalSection(SolutionProperties) = preSolution
		HideSolutionNode = FALSE
	EndGlobalSection
	GlobalSection(ExtensibilityGlobals) = postSolution
		SolutionGuid = {3556ED25-4D65-477B-AE65-0EC1B13618D2}
	EndGlobalSection
EndGlobal
